
Microsoft Visual Studio Solution File, Format Version 12.00
# Visual Studio 15
VisualStudioVersion = 15.0.28307.539
MinimumVisualStudioVersion = 10.0.40219.1
Project("{FAE04EC0-301F-11D3-BF4B-00C04F79EFBC}") = "Minesweeper", "Minesweeper\Minesweeper.csproj", "{2628FF5C-B05F-48FA-B3FB-6545AEAE0763}"
EndProject
Global
	GlobalSection(SolutionConfigurationPlatforms) = preSolution
		Debug|Any CPU = Debug|Any CPU
		Release|Any CPU = Release|Any CPU
	EndGlobalSection
	GlobalSection(ProjectConfigurationPlatforms) = postSolution
		{2628FF5C-B05F-48FA-B3FB-6545AEAE0763}.Debug|Any CPU.ActiveCfg = Debug|Any CPU
		{2628FF5C-B05F-48FA-B3FB-6545AEAE0763}.Debug|Any CPU.Build.0 = Debug|Any CPU
		{2628FF5C-B05F-48FA-B3FB-6545AEAE0763}.Release|Any CPU.ActiveCfg = Release|Any CPU
		{2628FF5C-B05F-48FA-B3FB-6545AEAE0763}.Release|Any CPU.Build.0 = Release|Any CPU
	EndGlobalSection
	GlobalSection(SolutionProperties) = preSolution
		HideSolutionNode = FALSE
	EndGlobalSection
	GlobalSection(ExtensibilityGlobals) = postSolution
		SolutionGuid = {2FF4BDCB-7129-46B3-B976-9AB9E55587E6}
	EndGlobalSection
EndGlobal
